
Microsoft Visual Studio Solution File, Format Version 12.00
#
Project("{FAE04EC0-301F-11D3-BF4B-00C04F79EFBC}") = "StackExecutingBmk", "StackExecutingBmk\StackExecutingBmk.csproj", "{C1D14982-0A19-4CCE-9356-20B5970EDE39}"
EndProject
Project("{FAE04EC0-301F-11D3-BF4B-00C04F79EFBC}") = "StackAlloc", "StackAlloc\StackAlloc.csproj", "{67525E63-096D-4C06-ABB7-42830148F687}"
EndProject
Project("{FAE04EC0-301F-11D3-BF4B-00C04F79EFBC}") = "FrozenCollectionsBmk", "FrozenCollectionsBmk\FrozenCollectionsBmk.csproj", "{F067FF88-4787-40EA-A01C-CCC2083F449B}"
EndProject
Project("{FAE04EC0-301F-11D3-BF4B-00C04F79EFBC}") = "TraceTesting", "TraceTesting\TraceTesting.csproj", "{BF3A74D9-36DB-4D03-B831-815B1EF3C598}"
EndProject
Project("{FAE04EC0-301F-11D3-BF4B-00C04F79EFBC}") = "lsp", "lsp\lsp.csproj", "{20C500D8-04AA-45EF-8E9E-C7B6D68F1C8B}"
EndProject
Project("{FAE04EC0-301F-11D3-BF4B-00C04F79EFBC}") = "VarianceAndControvariance", "VarianceAndControvariance\VarianceAndControvariance.csproj", "{CBB1AF55-D7DA-4626-963D-7C1F53DDE8A1}"
EndProject
Project("{FAE04EC0-301F-11D3-BF4B-00C04F79EFBC}") = "SourceGeneratorTarget", "SourceGeneratorTarget\SourceGeneratorTarget.csproj", "{F411E290-CFF2-41D9-81BA-2D52DB9D283C}"
EndProject
Project("{FAE04EC0-301F-11D3-BF4B-00C04F79EFBC}") = "SourceGeneratorSample", "SourceGeneratorSample\SourceGeneratorSample.csproj", "{B82D9CA6-DAA6-4AC2-91D7-1526AF2A377E}"
EndProject
Project("{FAE04EC0-301F-11D3-BF4B-00C04F79EFBC}") = "EventSourcingSourceGenerator", "EventSourcingSourceGenerator\EventSourcingSourceGenerator.csproj", "{D0C0C83D-8410-4F09-9B3C-7DF1D6BF50F9}"
EndProject
Project("{FAE04EC0-301F-11D3-BF4B-00C04F79EFBC}") = "EventSourcingSourceGeneratorTarget", "EventSourcingSourceGeneratorTarget\EventSourcingSourceGeneratorTarget.csproj", "{763CFF24-CDDE-49A7-BA47-18E15D317890}"
EndProject
Project("{FAE04EC0-301F-11D3-BF4B-00C04F79EFBC}") = "CompressionSample", "CompressionSample\CompressionSample.csproj", "{C0B17D10-D02D-47D1-9618-10F4401CF4CA}"
EndProject
Project("{FAE04EC0-301F-11D3-BF4B-00C04F79EFBC}") = "IncrementalGeneratorTarget", "IncrementalGeneratorTarget\IncrementalGeneratorTarget.csproj", "{1178FB4A-FFCD-460E-B660-2695C0131D02}"
EndProject
Project("{FAE04EC0-301F-11D3-BF4B-00C04F79EFBC}") = "IncrementalGeneratorSample", "IncrementalGeneratorSample\IncrementalGeneratorSample.csproj", "{3A8A72E8-0194-4AA7-9154-CD84BC9C9AA2}"
EndProject
Project("{FAE04EC0-301F-11D3-BF4B-00C04F79EFBC}") = "LangFeaturesSamples", "LangFeaturesSamples\LangFeaturesSamples.csproj", "{07DC6E46-FBC1-46FE-AC9E-BE34C845DB1F}"
EndProject
Project("{FAE04EC0-301F-11D3-BF4B-00C04F79EFBC}") = "CompositionOverInheritance", "CompositionOverInheritance\CompositionOverInheritance.csproj", "{26880CE6-9E68-4E19-B0A8-D899943D14F0}"
EndProject
Project("{FAE04EC0-301F-11D3-BF4B-00C04F79EFBC}") = "Ec.Application", "EnterpriceCloud\Ec.Application\Ec.Application.csproj", "{DD528D28-574B-45D8-90DB-370E7DA30A5C}"
EndProject
Project("{FAE04EC0-301F-11D3-BF4B-00C04F79EFBC}") = "Ec.Domain", "EnterpriceCloud\Ec.Domain\Ec.Domain.csproj", "{03A5B9CF-95AE-4ED0-A165-CD00E9074CBA}"
EndProject
Project("{FAE04EC0-301F-11D3-BF4B-00C04F79EFBC}") = "Ec.Infrastructure", "EnterpriceCloud\Ec.Infrastructure\Ec.Infrastructure.csproj", "{FA09FC90-4447-4A73-9399-7865F0678EA0}"
EndProject
Project("{2150E333-8FDC-42A3-9474-1A3956D46DE8}") = "Ec", "Ec", "{BCA2D6A8-58A0-4C1D-9E51-95567A4E3F74}"
EndProject
Global
	GlobalSection(SolutionConfigurationPlatforms) = preSolution
		Debug|Any CPU = Debug|Any CPU
		Release|Any CPU = Release|Any CPU
	EndGlobalSection
	GlobalSection(ProjectConfigurationPlatforms) = postSolution
		{C1D14982-0A19-4CCE-9356-20B5970EDE39}.Debug|Any CPU.ActiveCfg = Debug|Any CPU
		{C1D14982-0A19-4CCE-9356-20B5970EDE39}.Debug|Any CPU.Build.0 = Debug|Any CPU
		{C1D14982-0A19-4CCE-9356-20B5970EDE39}.Release|Any CPU.ActiveCfg = Release|Any CPU
		{C1D14982-0A19-4CCE-9356-20B5970EDE39}.Release|Any CPU.Build.0 = Release|Any CPU
		{67525E63-096D-4C06-ABB7-42830148F687}.Debug|Any CPU.ActiveCfg = Debug|Any CPU
		{67525E63-096D-4C06-ABB7-42830148F687}.Debug|Any CPU.Build.0 = Debug|Any CPU
		{67525E63-096D-4C06-ABB7-42830148F687}.Release|Any CPU.ActiveCfg = Release|Any CPU
		{67525E63-096D-4C06-ABB7-42830148F687}.Release|Any CPU.Build.0 = Release|Any CPU
		{F067FF88-4787-40EA-A01C-CCC2083F449B}.Debug|Any CPU.ActiveCfg = Debug|Any CPU
		{F067FF88-4787-40EA-A01C-CCC2083F449B}.Debug|Any CPU.Build.0 = Debug|Any CPU
		{F067FF88-4787-40EA-A01C-CCC2083F449B}.Release|Any CPU.ActiveCfg = Release|Any CPU
		{F067FF88-4787-40EA-A01C-CCC2083F449B}.Release|Any CPU.Build.0 = Release|Any CPU
		{BF3A74D9-36DB-4D03-B831-815B1EF3C598}.Debug|Any CPU.ActiveCfg = Debug|Any CPU
		{BF3A74D9-36DB-4D03-B831-815B1EF3C598}.Debug|Any CPU.Build.0 = Debug|Any CPU
		{BF3A74D9-36DB-4D03-B831-815B1EF3C598}.Release|Any CPU.ActiveCfg = Release|Any CPU
		{BF3A74D9-36DB-4D03-B831-815B1EF3C598}.Release|Any CPU.Build.0 = Release|Any CPU
		{20C500D8-04AA-45EF-8E9E-C7B6D68F1C8B}.Debug|Any CPU.ActiveCfg = Debug|Any CPU
		{20C500D8-04AA-45EF-8E9E-C7B6D68F1C8B}.Debug|Any CPU.Build.0 = Debug|Any CPU
		{20C500D8-04AA-45EF-8E9E-C7B6D68F1C8B}.Release|Any CPU.ActiveCfg = Release|Any CPU
		{20C500D8-04AA-45EF-8E9E-C7B6D68F1C8B}.Release|Any CPU.Build.0 = Release|Any CPU
		{CBB1AF55-D7DA-4626-963D-7C1F53DDE8A1}.Debug|Any CPU.ActiveCfg = Debug|Any CPU
		{CBB1AF55-D7DA-4626-963D-7C1F53DDE8A1}.Debug|Any CPU.Build.0 = Debug|Any CPU
		{CBB1AF55-D7DA-4626-963D-7C1F53DDE8A1}.Release|Any CPU.ActiveCfg = Release|Any CPU
		{CBB1AF55-D7DA-4626-963D-7C1F53DDE8A1}.Release|Any CPU.Build.0 = Release|Any CPU
		{F411E290-CFF2-41D9-81BA-2D52DB9D283C}.Debug|Any CPU.ActiveCfg = Debug|Any CPU
		{F411E290-CFF2-41D9-81BA-2D52DB9D283C}.Debug|Any CPU.Build.0 = Debug|Any CPU
		{F411E290-CFF2-41D9-81BA-2D52DB9D283C}.Release|Any CPU.ActiveCfg = Release|Any CPU
		{F411E290-CFF2-41D9-81BA-2D52DB9D283C}.Release|Any CPU.Build.0 = Release|Any CPU
		{B82D9CA6-DAA6-4AC2-91D7-1526AF2A377E}.Debug|Any CPU.ActiveCfg = Debug|Any CPU
		{B82D9CA6-DAA6-4AC2-91D7-1526AF2A377E}.Debug|Any CPU.Build.0 = Debug|Any CPU
		{B82D9CA6-DAA6-4AC2-91D7-1526AF2A377E}.Release|Any CPU.ActiveCfg = Release|Any CPU
		{B82D9CA6-DAA6-4AC2-91D7-1526AF2A377E}.Release|Any CPU.Build.0 = Release|Any CPU
		{D0C0C83D-8410-4F09-9B3C-7DF1D6BF50F9}.Debug|Any CPU.ActiveCfg = Debug|Any CPU
		{D0C0C83D-8410-4F09-9B3C-7DF1D6BF50F9}.Debug|Any CPU.Build.0 = Debug|Any CPU
		{D0C0C83D-8410-4F09-9B3C-7DF1D6BF50F9}.Release|Any CPU.ActiveCfg = Release|Any CPU
		{D0C0C83D-8410-4F09-9B3C-7DF1D6BF50F9}.Release|Any CPU.Build.0 = Release|Any CPU
		{763CFF24-CDDE-49A7-BA47-18E15D317890}.Debug|Any CPU.ActiveCfg = Debug|Any CPU
		{763CFF24-CDDE-49A7-BA47-18E15D317890}.Debug|Any CPU.Build.0 = Debug|Any CPU
		{763CFF24-CDDE-49A7-BA47-18E15D317890}.Release|Any CPU.ActiveCfg = Release|Any CPU
		{763CFF24-CDDE-49A7-BA47-18E15D317890}.Release|Any CPU.Build.0 = Release|Any CPU
		{C0B17D10-D02D-47D1-9618-10F4401CF4CA}.Debug|Any CPU.ActiveCfg = Debug|Any CPU
		{C0B17D10-D02D-47D1-9618-10F4401CF4CA}.Debug|Any CPU.Build.0 = Debug|Any CPU
		{C0B17D10-D02D-47D1-9618-10F4401CF4CA}.Release|Any CPU.ActiveCfg = Release|Any CPU
		{C0B17D10-D02D-47D1-9618-10F4401CF4CA}.Release|Any CPU.Build.0 = Release|Any CPU
		{1178FB4A-FFCD-460E-B660-2695C0131D02}.Debug|Any CPU.ActiveCfg = Debug|Any CPU
		{1178FB4A-FFCD-460E-B660-2695C0131D02}.Debug|Any CPU.Build.0 = Debug|Any CPU
		{1178FB4A-FFCD-460E-B660-2695C0131D02}.Release|Any CPU.ActiveCfg = Release|Any CPU
		{1178FB4A-FFCD-460E-B660-2695C0131D02}.Release|Any CPU.Build.0 = Release|Any CPU
		{3A8A72E8-0194-4AA7-9154-CD84BC9C9AA2}.Debug|Any CPU.ActiveCfg = Debug|Any CPU
		{3A8A72E8-0194-4AA7-9154-CD84BC9C9AA2}.Debug|Any CPU.Build.0 = Debug|Any CPU
		{3A8A72E8-0194-4AA7-9154-CD84BC9C9AA2}.Release|Any CPU.ActiveCfg = Release|Any CPU
		{3A8A72E8-0194-4AA7-9154-CD84BC9C9AA2}.Release|Any CPU.Build.0 = Release|Any CPU
		{07DC6E46-FBC1-46FE-AC9E-BE34C845DB1F}.Debug|Any CPU.ActiveCfg = Debug|Any CPU
		{07DC6E46-FBC1-46FE-AC9E-BE34C845DB1F}.Debug|Any CPU.Build.0 = Debug|Any CPU
		{07DC6E46-FBC1-46FE-AC9E-BE34C845DB1F}.Release|Any CPU.ActiveCfg = Release|Any CPU
		{07DC6E46-FBC1-46FE-AC9E-BE34C845DB1F}.Release|Any CPU.Build.0 = Release|Any CPU
		{26880CE6-9E68-4E19-B0A8-D899943D14F0}.Debug|Any CPU.ActiveCfg = Debug|Any CPU
		{26880CE6-9E68-4E19-B0A8-D899943D14F0}.Debug|Any CPU.Build.0 = Debug|Any CPU
		{26880CE6-9E68-4E19-B0A8-D899943D14F0}.Release|Any CPU.ActiveCfg = Release|Any CPU
		{26880CE6-9E68-4E19-B0A8-D899943D14F0}.Release|Any CPU.Build.0 = Release|Any CPU
		{DD528D28-574B-45D8-90DB-370E7DA30A5C}.Debug|Any CPU.ActiveCfg = Debug|Any CPU
		{DD528D28-574B-45D8-90DB-370E7DA30A5C}.Debug|Any CPU.Build.0 = Debug|Any CPU
		{DD528D28-574B-45D8-90DB-370E7DA30A5C}.Release|Any CPU.ActiveCfg = Release|Any CPU
		{DD528D28-574B-45D8-90DB-370E7DA30A5C}.Release|Any CPU.Build.0 = Release|Any CPU
		{03A5B9CF-95AE-4ED0-A165-CD00E9074CBA}.Debug|Any CPU.ActiveCfg = Debug|Any CPU
		{03A5B9CF-95AE-4ED0-A165-CD00E9074CBA}.Debug|Any CPU.Build.0 = Debug|Any CPU
		{03A5B9CF-95AE-4ED0-A165-CD00E9074CBA}.Release|Any CPU.ActiveCfg = Release|Any CPU
		{03A5B9CF-95AE-4ED0-A165-CD00E9074CBA}.Release|Any CPU.Build.0 = Release|Any CPU
		{FA09FC90-4447-4A73-9399-7865F0678EA0}.Debug|Any CPU.ActiveCfg = Debug|Any CPU
		{FA09FC90-4447-4A73-9399-7865F0678EA0}.Debug|Any CPU.Build.0 = Debug|Any CPU
		{FA09FC90-4447-4A73-9399-7865F0678EA0}.Release|Any CPU.ActiveCfg = Release|Any CPU
		{FA09FC90-4447-4A73-9399-7865F0678EA0}.Release|Any CPU.Build.0 = Release|Any CPU
	EndGlobalSection
	GlobalSection(NestedProjects) = preSolution
		{DD528D28-574B-45D8-90DB-370E7DA30A5C} = {BCA2D6A8-58A0-4C1D-9E51-95567A4E3F74}
		{03A5B9CF-95AE-4ED0-A165-CD00E9074CBA} = {BCA2D6A8-58A0-4C1D-9E51-95567A4E3F74}
		{FA09FC90-4447-4A73-9399-7865F0678EA0} = {BCA2D6A8-58A0-4C1D-9E51-95567A4E3F74}
	EndGlobalSection
EndGlobal
